# THIS IS AN AUTOGENERATED FILE. DO NOT EDIT THIS FILE DIRECTLY.
# yarn lockfile v1


ansi-styles@^3.2.1:
  version "3.2.1"
  resolved "https://registry.nlark.com/ansi-styles/download/ansi-styles-3.2.1.tgz#41fbb20243e50b12be0f04b8dedbf07520ce841d"
  dependencies:
    color-convert "^1.9.0"

async-validator@~1.8.1:
  version "1.8.5"
  resolved "https://registry.nlark.com/async-validator/download/async-validator-1.8.5.tgz#dc3e08ec1fd0dddb67e60842f02c0cd1cec6d7f0"
  dependencies:
    babel-runtime "6.x"

async@0.9.x:
  version "0.9.2"
  resolved "https://registry.npm.taobao.org/async/download/async-0.9.2.tgz?cache=0&other_urls=https%3A%2F%2Fregistry.npm.taobao.org%2Fasync%2Fdownload%2Fasync-0.9.2.tgz#aea74d5e61c1f899613bf64bda66d4c78f2fd17d"

babel-helper-vue-jsx-merge-props@^2.0.0:
  version "2.0.3"
  resolved "https://registry.nlark.com/babel-helper-vue-jsx-merge-props/download/babel-helper-vue-jsx-merge-props-2.0.3.tgz#22aebd3b33902328e513293a8e4992b384f9f1b6"

babel-runtime@6.x:
  version "6.26.0"
  resolved "https://registry.npm.taobao.org/babel-runtime/download/babel-runtime-6.26.0.tgz#965c7058668e82b55d7bfe04ff2337bc8b5647fe"
  dependencies:
    core-js "^2.4.0"
    regenerator-runtime "^0.11.0"

balanced-match@^1.0.0:
  version "1.0.2"
  resolved "https://registry.nlark.com/balanced-match/download/balanced-match-1.0.2.tgz#e83e3a7e3f300b34cb9d87f615fa0cbf357690ee"

brace-expansion@^1.1.7:
  version "1.1.11"
  resolved "https://registry.nlark.com/brace-expansion/download/brace-expansion-1.1.11.tgz#3c7fcbf529d87226f3d2f52b966ff5271eb441dd"
  dependencies:
    balanced-match "^1.0.0"
    concat-map "0.0.1"

chalk@^2.4.2:
  version "2.4.2"
  resolved "https://registry.nlark.com/chalk/download/chalk-2.4.2.tgz?cache=0&sync_timestamp=1618995297666&other_urls=https%3A%2F%2Fregistry.nlark.com%2Fchalk%2Fdownload%2Fchalk-2.4.2.tgz#cd42541677a54333cf541a49108c1432b44c9424"
  dependencies:
    ansi-styles "^3.2.1"
    escape-string-regexp "^1.0.5"
    supports-color "^5.3.0"

color-convert@^1.9.0:
  version "1.9.3"
  resolved "https://registry.nlark.com/color-convert/download/color-convert-1.9.3.tgz#bb71850690e1f136567de629d2d5471deda4c1e8"
  dependencies:
    color-name "1.1.3"

color-name@1.1.3:
  version "1.1.3"
  resolved "https://registry.nlark.com/color-name/download/color-name-1.1.3.tgz#a7d0558bd89c42f795dd42328f740831ca53bc25"

colorette@^1.2.2:
  version "1.2.2"
  resolved "https://registry.nlark.com/colorette/download/colorette-1.2.2.tgz#cbcc79d5e99caea2dbf10eb3a26fd8b3e6acfa94"

concat-map@0.0.1:
  version "0.0.1"
  resolved "https://registry.npm.taobao.org/concat-map/download/concat-map-0.0.1.tgz#d8a96bd77fd68df7793a73036a3ba0d5405d477b"

copy-to-clipboard@3.3.1:
  version "3.3.1"
  resolved "https://registry.npm.taobao.org/copy-to-clipboard/download/copy-to-clipboard-3.3.1.tgz#115aa1a9998ffab6196f93076ad6da3b913662ae"
  dependencies:
    toggle-selection "^1.0.6"

core-js@^2.4.0:
  version "2.6.12"
  resolved "https://registry.nlark.com/core-js/download/core-js-2.6.12.tgz?cache=0&sync_timestamp=1624966102256&other_urls=https%3A%2F%2Fregistry.nlark.com%2Fcore-js%2Fdownload%2Fcore-js-2.6.12.tgz#d9333dfa7b065e347cc5682219d6f690859cc2ec"

date-format@3.0.0:
  version "3.0.0"
  resolved "https://registry.npm.taobao.org/date-format/download/date-format-3.0.0.tgz#eb8780365c7d2b1511078fb491e6479780f3ad95"

decode-uri-component@^0.2.0:
  version "0.2.0"
  resolved "https://registry.npm.taobao.org/decode-uri-component/download/decode-uri-component-0.2.0.tgz#eb3913333458775cb84cd1a1fae062106bb87545"

deepmerge@^1.2.0:
  version "1.5.2"
  resolved "https://registry.nlark.com/deepmerge/download/deepmerge-1.5.2.tgz#10499d868844cdad4fee0842df8c7f6f0c95a753"

dot-case@^3.0.4:
  version "3.0.4"
  resolved "https://registry.npm.taobao.org/dot-case/download/dot-case-3.0.4.tgz?cache=0&sync_timestamp=1606867306848&other_urls=https%3A%2F%2Fregistry.npm.taobao.org%2Fdot-case%2Fdownload%2Fdot-case-3.0.4.tgz#9b2b670d00a431667a8a75ba29cd1b98809ce751"
  dependencies:
    no-case "^3.0.4"
    tslib "^2.0.3"

ejs@3.1.6:
  version "3.1.6"
  resolved "https://registry.nlark.com/ejs/download/ejs-3.1.6.tgz#5bfd0a0689743bb5268b3550cceeebbc1702822a"
  dependencies:
    jake "^10.6.1"

element-ui@2.15.1:
  version "2.15.1"
  resolved "https://registry.nlark.com/element-ui/download/element-ui-2.15.1.tgz#ada00aa6e32c02774a2e77563dd84668f813cdff"
  dependencies:
    async-validator "~1.8.1"
    babel-helper-vue-jsx-merge-props "^2.0.0"
    deepmerge "^1.2.0"
    normalize-wheel "^1.0.1"
    resize-observer-polyfill "^1.5.0"
    throttle-debounce "^1.0.1"

esbuild@^0.12.8:
  version "0.12.15"
  resolved "https://registry.nlark.com/esbuild/download/esbuild-0.12.15.tgz#9d99cf39aeb2188265c5983e983e236829f08af0"

escape-string-regexp@^1.0.5:
  version "1.0.5"
  resolved "https://registry.npm.taobao.org/escape-string-regexp/download/escape-string-regexp-1.0.5.tgz#1b61c0562190a8dff6ae3bb2cf0200ca130b86d4"

filelist@^1.0.1:
  version "1.0.2"
  resolved "https://registry.npm.taobao.org/filelist/download/filelist-1.0.2.tgz#80202f21462d4d1c2e214119b1807c1bc0380e5b"
  dependencies:
    minimatch "^3.0.4"

filter-obj@^1.1.0:
  version "1.1.0"
  resolved "https://registry.npm.taobao.org/filter-obj/download/filter-obj-1.1.0.tgz?cache=0&sync_timestamp=1617699897053&other_urls=https%3A%2F%2Fregistry.npm.taobao.org%2Ffilter-obj%2Fdownload%2Ffilter-obj-1.1.0.tgz#9b311112bc6c6127a16e016c6c5d7f19e0805c5b"

fsevents@~2.3.2:
  version "2.3.2"
  resolved "https://registry.nlark.com/fsevents/download/fsevents-2.3.2.tgz#8a526f78b8fdf4623b709e0b975c52c24c02fd1a"

function-bind@^1.1.1:
  version "1.1.1"
  resolved "https://registry.nlark.com/function-bind/download/function-bind-1.1.1.tgz#a56899d3ea3c9bab874bb9773b7c5ede92f4895d"

github-buttons@^2.8.0:
  version "2.18.1"
  resolved "https://registry.nlark.com/github-buttons/download/github-buttons-2.18.1.tgz#93737ca38dd6a108799ebbbce7bafc46eb80c535"

has-flag@^3.0.0:
  version "3.0.0"
  resolved "https://registry.nlark.com/has-flag/download/has-flag-3.0.0.tgz?cache=0&sync_timestamp=1618847009337&other_urls=https%3A%2F%2Fregistry.nlark.com%2Fhas-flag%2Fdownload%2Fhas-flag-3.0.0.tgz#b5d454dc2199ae225699f3467e5a07f3b955bafd"

has@^1.0.3:
  version "1.0.3"
  resolved "https://registry.nlark.com/has/download/has-1.0.3.tgz#722d7cbfc1f6aa8241f16dd814e011e1f41e8796"
  dependencies:
    function-bind "^1.1.1"

is-core-module@^2.2.0:
  version "2.5.0"
  resolved "https://registry.nlark.com/is-core-module/download/is-core-module-2.5.0.tgz?cache=0&sync_timestamp=1626158736739&other_urls=https%3A%2F%2Fregistry.nlark.com%2Fis-core-module%2Fdownload%2Fis-core-module-2.5.0.tgz#f754843617c70bfd29b7bd87327400cda5c18491"
  dependencies:
    has "^1.0.3"

jake@^10.6.1:
  version "10.8.2"
  resolved "https://registry.npm.taobao.org/jake/download/jake-10.8.2.tgz#ebc9de8558160a66d82d0eadc6a2e58fbc500a7b"
  dependencies:
    async "0.9.x"
    chalk "^2.4.2"
    filelist "^1.0.1"
    minimatch "^3.0.4"

lower-case@^2.0.2:
  version "2.0.2"
  resolved "https://registry.npm.taobao.org/lower-case/download/lower-case-2.0.2.tgz?cache=0&sync_timestamp=1606867292121&other_urls=https%3A%2F%2Fregistry.npm.taobao.org%2Flower-case%2Fdownload%2Flower-case-2.0.2.tgz#6fa237c63dbdc4a82ca0fd882e4722dc5e634e28"
  dependencies:
    tslib "^2.0.3"

minimatch@^3.0.4:
  version "3.0.4"
  resolved "https://registry.nlark.com/minimatch/download/minimatch-3.0.4.tgz#5166e286457f03306064be5497e8dbb0c3d32083"
  dependencies:
    brace-expansion "^1.1.7"

nanoid@^3.1.23:
  version "3.1.23"
  resolved "https://registry.nlark.com/nanoid/download/nanoid-3.1.23.tgz#f744086ce7c2bc47ee0a8472574d5c78e4183a81"

no-case@^3.0.4:
  version "3.0.4"
  resolved "https://registry.nlark.com/no-case/download/no-case-3.0.4.tgz#d361fd5c9800f558551a8369fc0dcd4662b6124d"
  dependencies:
    lower-case "^2.0.2"
    tslib "^2.0.3"

normalize-wheel@^1.0.1:
  version "1.0.1"
  resolved "https://registry.npm.taobao.org/normalize-wheel/download/normalize-wheel-1.0.1.tgz#aec886affdb045070d856447df62ecf86146ec45"

path-parse@^1.0.6:
  version "1.0.7"
  resolved "https://registry.nlark.com/path-parse/download/path-parse-1.0.7.tgz#fbc114b60ca42b30d9daf5858e4bd68bbedb6735"

postcss@^8.3.5:
  version "8.3.5"
  resolved "https://registry.nlark.com/postcss/download/postcss-8.3.5.tgz#982216b113412bc20a86289e91eb994952a5b709"
  dependencies:
    colorette "^1.2.2"
    nanoid "^3.1.23"
    source-map-js "^0.6.2"

prismjs@^1.24.1:
  version "1.24.1"
  resolved "https://registry.nlark.com/prismjs/download/prismjs-1.24.1.tgz?cache=0&sync_timestamp=1625313362193&other_urls=https%3A%2F%2Fregistry.nlark.com%2Fprismjs%2Fdownload%2Fprismjs-1.24.1.tgz#c4d7895c4d6500289482fa8936d9cdd192684036"

qrcode.vue@1.7.0:
  version "1.7.0"
  resolved "https://registry.npm.taobao.org/qrcode.vue/download/qrcode.vue-1.7.0.tgz?cache=0&sync_timestamp=1611636013116&other_urls=https%3A%2F%2Fregistry.npm.taobao.org%2Fqrcode.vue%2Fdownload%2Fqrcode.vue-1.7.0.tgz#c54b2934f0650c10d92785d08aaad36c55e0fc56"

query-string@7.0.0:
  version "7.0.0"
  resolved "https://registry.nlark.com/query-string/download/query-string-7.0.0.tgz?cache=0&sync_timestamp=1624297034221&other_urls=https%3A%2F%2Fregistry.nlark.com%2Fquery-string%2Fdownload%2Fquery-string-7.0.0.tgz#aaad2c8d5c6a6d0c6afada877fecbd56af79e609"
  dependencies:
    decode-uri-component "^0.2.0"
    filter-obj "^1.1.0"
    split-on-first "^1.0.0"
    strict-uri-encode "^2.0.0"

regenerator-runtime@^0.11.0:
  version "0.11.1"
  resolved "https://registry.nlark.com/regenerator-runtime/download/regenerator-runtime-0.11.1.tgz#be05ad7f9bf7d22e056f9726cee5017fbf19e2e9"

resize-observer-polyfill@^1.5.0:
  version "1.5.1"
  resolved "https://registry.npm.taobao.org/resize-observer-polyfill/download/resize-observer-polyfill-1.5.1.tgz#0e9020dd3d21024458d4ebd27e23e40269810464"

resolve@^1.20.0:
  version "1.20.0"
  resolved "https://registry.nlark.com/resolve/download/resolve-1.20.0.tgz#629a013fb3f70755d6f0b7935cc1c2c5378b1975"
  dependencies:
    is-core-module "^2.2.0"
    path-parse "^1.0.6"

rollup@^2.38.5:
  version "2.53.2"
  resolved "https://registry.nlark.com/rollup/download/rollup-2.53.2.tgz?cache=0&sync_timestamp=1626323062236&other_urls=https%3A%2F%2Fregistry.nlark.com%2Frollup%2Fdownload%2Frollup-2.53.2.tgz#3279f9bfba1fe446585560802e418c5fbcaefa51"
  optionalDependencies:
    fsevents "~2.3.2"

snake-case@3.0.4:
  version "3.0.4"
  resolved "https://registry.nlark.com/snake-case/download/snake-case-3.0.4.tgz#4f2bbd568e9935abdfd593f34c691dadb49c452c"
  dependencies:
    dot-case "^3.0.4"
    tslib "^2.0.3"

source-map-js@^0.6.2:
  version "0.6.2"
  resolved "https://registry.npm.taobao.org/source-map-js/download/source-map-js-0.6.2.tgz#0bb5de631b41cfbda6cfba8bd05a80efdfd2385e"

split-on-first@^1.0.0:
  version "1.1.0"
  resolved "https://registry.npm.taobao.org/split-on-first/download/split-on-first-1.1.0.tgz#f610afeee3b12bce1d0c30425e76398b78249a5f"

strict-uri-encode@^2.0.0:
  version "2.0.0"
  resolved "https://registry.nlark.com/strict-uri-encode/download/strict-uri-encode-2.0.0.tgz#b9c7330c7042862f6b142dc274bbcc5866ce3546"

supports-color@^5.3.0:
  version "5.5.0"
  resolved "https://registry.nlark.com/supports-color/download/supports-color-5.5.0.tgz?cache=0&sync_timestamp=1622293670728&other_urls=https%3A%2F%2Fregistry.nlark.com%2Fsupports-color%2Fdownload%2Fsupports-color-5.5.0.tgz#e2e69a44ac8772f78a1ec0b35b689df6530efc8f"
  dependencies:
    has-flag "^3.0.0"

throttle-debounce@^1.0.1:
  version "1.1.0"
  resolved "https://registry.npm.taobao.org/throttle-debounce/download/throttle-debounce-1.1.0.tgz?cache=0&sync_timestamp=1604313880785&other_urls=https%3A%2F%2Fregistry.npm.taobao.org%2Fthrottle-debounce%2Fdownload%2Fthrottle-debounce-1.1.0.tgz#51853da37be68a155cb6e827b3514a3c422e89cd"

toggle-selection@^1.0.6:
  version "1.0.6"
  resolved "https://registry.npm.taobao.org/toggle-selection/download/toggle-selection-1.0.6.tgz#6e45b1263f2017fa0acc7d89d78b15b8bf77da32"

tslib@^2.0.3:
  version "2.3.0"
  resolved "https://registry.nlark.com/tslib/download/tslib-2.3.0.tgz#803b8cdab3e12ba581a4ca41c8839bbb0dacb09e"

uuid@8.3.2:
  version "8.3.2"
  resolved "https://registry.nlark.com/uuid/download/uuid-8.3.2.tgz?cache=0&sync_timestamp=1622213136953&other_urls=https%3A%2F%2Fregistry.nlark.com%2Fuuid%2Fdownload%2Fuuid-8.3.2.tgz#80d5b5ced271bb9af6c445f21a1a04c606cefbe2"

vite@^2.4.2:
  version "2.4.2"
  resolved "https://registry.nlark.com/vite/download/vite-2.4.2.tgz#07d00615775c808530bc9f65641062b349b67929"
  dependencies:
    esbuild "^0.12.8"
    postcss "^8.3.5"
    resolve "^1.20.0"
    rollup "^2.38.5"
  optionalDependencies:
    fsevents "~2.3.2"

vue-github-button@^1.3.0:
  version "1.3.0"
  resolved "https://registry.npm.taobao.org/vue-github-button/download/vue-github-button-1.3.0.tgz#a4da317a3b93d05824768b3916a0d22fa91603be"
  dependencies:
    github-buttons "^2.8.0"

vue@2.6.12:
  version "2.6.12"
  resolved "https://registry.nlark.com/vue/download/vue-2.6.12.tgz?cache=0&sync_timestamp=1625229652956&other_urls=https%3A%2F%2Fregistry.nlark.com%2Fvue%2Fdownload%2Fvue-2.6.12.tgz#f5ebd4fa6bd2869403e29a896aed4904456c9123"
